{
  "name": "cc2145a2fe1558fa",
  "lockfileVersion": 3,
  "requires": true,
  "packages": {
    "": {
      "dependencies": {
        "create-next-app": "^16.2.0"
      }
    },
    "node_modules/create-next-app": {
      "version": "16.2.0",
      "resolved": "https://registry.npmjs.org/create-next-app/-/create-next-app-16.2.0.tgz",
      "integrity": "sha512-S+jgFKcwnyi2s/shUsZ+4GvRbjQJ289m1PodV6tZJjfgnVWAsOy+DuYyrJCDqj47EuOngy8bZNF5kyL3pmDQwg==",
      "license": "MIT",
      "bin": {
        "create-next-app": "dist/index.js"
      },
      "engines": {
        "node": ">=20.9.0"
      }
    }
  }
}
